
Microsoft Visual Studio Solution File, Format Version 12.00
# Visual Studio Version 17
VisualStudioVersion = 17.1.32421.90
MinimumVisualStudioVersion = 10.0.40219.1
Project("{9A19103F-16F7-4668-BE54-9A1E7A4F7556}") = "SolucionesCiviles_Backend", "SolucionesCiviles_Backend\SolucionesCiviles_Backend.csproj", "{C04E6067-4871-489E-B746-624A79067264}"
EndProject
Project("{FAE04EC0-301F-11D3-BF4B-00C04F79EFBC}") = "DB", "DB\DB.csproj", "{60E2C6E7-FA09-42F6-8421-8CEF73D8B0E5}"
EndProject
Global
	GlobalSection(SolutionConfigurationPlatforms) = preSolution
		Debug|Any CPU = Debug|Any CPU
		Release|Any CPU = Release|Any CPU
	EndGlobalSection
	GlobalSection(ProjectConfigurationPlatforms) = postSolution
		{C04E6067-4871-489E-B746-624A79067264}.Debug|Any CPU.ActiveCfg = Debug|Any CPU
		{C04E6067-4871-489E-B746-624A79067264}.Debug|Any CPU.Build.0 = Debug|Any CPU
		{C04E6067-4871-489E-B746-624A79067264}.Release|Any CPU.ActiveCfg = Release|Any CPU
		{C04E6067-4871-489E-B746-624A79067264}.Release|Any CPU.Build.0 = Release|Any CPU
		{60E2C6E7-FA09-42F6-8421-8CEF73D8B0E5}.Debug|Any CPU.ActiveCfg = Debug|Any CPU
		{60E2C6E7-FA09-42F6-8421-8CEF73D8B0E5}.Debug|Any CPU.Build.0 = Debug|Any CPU
		{60E2C6E7-FA09-42F6-8421-8CEF73D8B0E5}.Release|Any CPU.ActiveCfg = Release|Any CPU
		{60E2C6E7-FA09-42F6-8421-8CEF73D8B0E5}.Release|Any CPU.Build.0 = Release|Any CPU
	EndGlobalSection
	GlobalSection(SolutionProperties) = preSolution
		HideSolutionNode = FALSE
	EndGlobalSection
	GlobalSection(ExtensibilityGlobals) = postSolution
		SolutionGuid = {DBF3B7E4-AD5C-4B33-A953-A32670319FD4}
	EndGlobalSection
EndGlobal
